<?xml version="1.0" encoding="utf-8"?>
<Project ToolsVersion="4.0" xmlns="http://schemas.microsoft.com/developer/msbuild/2003">
  <ItemGroup>
    <Filter Include="소스 파일">
      <UniqueIdentifier>{4FC737F1-C7A5-4376-A066-2A32D752A2FF}</UniqueIdentifier>
      <Extensions>cpp;c;cc;cxx;c++;cppm;ixx;def;odl;idl;hpj;bat;asm;asmx</Extensions>
    </Filter>
    <Filter Include="헤더 파일">
      <UniqueIdentifier>{93995380-89BD-4b04-88EB-625FBE52EBFB}</UniqueIdentifier>
      <Extensions>h;hh;hpp;hxx;h++;hm;inl;inc;ipp;xsd</Extensions>
    </Filter>
    <Filter Include="리소스 파일">
      <UniqueIdentifier>{67DA6AB6-F800-4c08-8B7A-83BB121AAD01}</UniqueIdentifier>
      <Extensions>rc;ico;cur;bmp;dlg;rc2;rct;bin;rgs;gif;jpg;jpeg;jpe;resx;tiff;tif;png;wav;mfcribbon-ms</Extensions>
    </Filter>
  </ItemGroup>
  <ItemGroup>
    <ClCompile Include="main.cpp">
      <Filter>소스 파일</Filter>
    </ClCompile>
    <ClCompile Include="Dependencies\include\debug.cpp">
      <Filter>소스 파일</Filter>
    </ClCompile>
    <ClCompile Include="Dependencies\include\Node.cpp">
      <Filter>소스 파일</Filter>
    </ClCompile>
    <ClCompile Include="glad.c">
      <Filter>소스 파일</Filter>
    </ClCompile>
    <ClCompile Include="Dependencies\include\model.cpp">
      <Filter>소스 파일</Filter>
    </ClCompile>
    <ClCompile Include="Dependencies\include\mymath.cpp">
      <Filter>소스 파일</Filter>
    </ClCompile>
    <ClCompile Include="Dependencies\external\GraphEditor.cpp">
      <Filter>소스 파일</Filter>
    </ClCompile>
    <ClCompile Include="Dependencies\external\ImGuizmo.cpp">
      <Filter>소스 파일</Filter>
    </ClCompile>
    <ClCompile Include="Dependencies\external\miniz.c">
      <Filter>소스 파일</Filter>
    </ClCompile>
    <ClCompile Include="Dependencies\external\tinyexr.cc">
      <Filter>소스 파일</Filter>
    </ClCompile>
    <ClCompile Include="Dependencies\external\imgui\GraphEditor.cpp">
      <Filter>소스 파일</Filter>
    </ClCompile>
    <ClCompile Include="Dependencies\external\imgui\imgui.cpp">
      <Filter>소스 파일</Filter>
    </ClCompile>
    <ClCompile Include="Dependencies\external\imgui\imgui_draw.cpp">
      <Filter>소스 파일</Filter>
    </ClCompile>
    <ClCompile Include="Dependencies\external\imgui\imgui_impl_glfw.cpp">
      <Filter>소스 파일</Filter>
    </ClCompile>
    <ClCompile Include="Dependencies\external\imgui\imgui_impl_opengl3.cpp">
      <Filter>소스 파일</Filter>
    </ClCompile>
    <ClCompile Include="Dependencies\external\imgui\imgui_tables.cpp">
      <Filter>소스 파일</Filter>
    </ClCompile>
    <ClCompile Include="Dependencies\external\imgui\imgui_toggle.cpp">
      <Filter>소스 파일</Filter>
    </ClCompile>
    <ClCompile Include="Dependencies\external\imgui\imgui_toggle_palette.cpp">
      <Filter>소스 파일</Filter>
    </ClCompile>
    <ClCompile Include="Dependencies\external\imgui\imgui_toggle_presets.cpp">
      <Filter>소스 파일</Filter>
    </ClCompile>
    <ClCompile Include="Dependencies\external\imgui\imgui_toggle_renderer.cpp">
      <Filter>소스 파일</Filter>
    </ClCompile>
    <ClCompile Include="Dependencies\external\imgui\imgui_widgets.cpp">
      <Filter>소스 파일</Filter>
    </ClCompile>
    <ClCompile Include="Dependencies\include\Node_func.cpp">
      <Filter>소스 파일</Filter>
    </ClCompile>
    <ClCompile Include="Dependencies\include\framemanager.cpp">
      <Filter>소스 파일</Filter>
    </ClCompile>
  </ItemGroup>
  <ItemGroup>
    <ClInclude Include="Dependencies\include\scenectrl.h">
      <Filter>헤더 파일</Filter>
    </ClInclude>
    <ClInclude Include="Dependencies\include\show_display.h">
      <Filter>헤더 파일</Filter>
    </ClInclude>
    <ClInclude Include="Dependencies\include\camera.h">
      <Filter>헤더 파일</Filter>
    </ClInclude>
    <ClInclude Include="Dependencies\include\mymath.h">
      <Filter>헤더 파일</Filter>
    </ClInclude>
    <ClInclude Include="Dependencies\include\inputctrl.h">
      <Filter>헤더 파일</Filter>
    </ClInclude>
    <ClInclude Include="Dependencies\include\window.h">
      <Filter>헤더 파일</Filter>
    </ClInclude>
    <ClInclude Include="Dependencies\include\debug.h">
      <Filter>헤더 파일</Filter>
    </ClInclude>
    <ClInclude Include="Dependencies\include\opt.h">
      <Filter>헤더 파일</Filter>
    </ClInclude>
    <ClInclude Include="Dependencies\include\Node.h">
      <Filter>헤더 파일</Filter>
    </ClInclude>
    <ClInclude Include="Dependencies\include\object.h">
      <Filter>헤더 파일</Filter>
    </ClInclude>
    <ClInclude Include="Dependencies\include\glad\glad.h">
      <Filter>헤더 파일</Filter>
    </ClInclude>
    <ClInclude Include="Dependencies\include\Object_setting.h">
      <Filter>헤더 파일</Filter>
    </ClInclude>
    <ClInclude Include="Dependencies\include\shader.h">
      <Filter>헤더 파일</Filter>
    </ClInclude>
    <ClInclude Include="Dependencies\include\mesh.h">
      <Filter>헤더 파일</Filter>
    </ClInclude>
    <ClInclude Include="Dependencies\include\model.h">
      <Filter>헤더 파일</Filter>
    </ClInclude>
    <ClInclude Include="Dependencies\include\animation.h">
      <Filter>헤더 파일</Filter>
    </ClInclude>
    <ClInclude Include="Dependencies\include\Node_template.h">
      <Filter>헤더 파일</Filter>
    </ClInclude>
    <ClInclude Include="Dependencies\include\model_func.h">
      <Filter>헤더 파일</Filter>
    </ClInclude>
    <ClInclude Include="Dependencies\include\Node_func.h">
      <Filter>헤더 파일</Filter>
    </ClInclude>
    <ClInclude Include="Dependencies\include\framemanager.h">
      <Filter>헤더 파일</Filter>
    </ClInclude>
    <ClInclude Include="Dependencies\external\grapheditordelegate.h">
      <Filter>헤더 파일</Filter>
    </ClInclude>
    <ClInclude Include="Dependencies\external\GraphEditor.h">
      <Filter>헤더 파일</Filter>
    </ClInclude>
    <ClInclude Include="Dependencies\external\ImGuizmo.h">
      <Filter>헤더 파일</Filter>
    </ClInclude>
    <ClInclude Include="Dependencies\external\miniz.h">
      <Filter>헤더 파일</Filter>
    </ClInclude>
    <ClInclude Include="Dependencies\external\nlopt.h">
      <Filter>헤더 파일</Filter>
    </ClInclude>
    <ClInclude Include="Dependencies\external\nlopt.hpp">
      <Filter>헤더 파일</Filter>
    </ClInclude>
    <ClInclude Include="Dependencies\external\stb_image.h">
      <Filter>헤더 파일</Filter>
    </ClInclude>
    <ClInclude Include="Dependencies\external\stb_image_write.h">
      <Filter>헤더 파일</Filter>
    </ClInclude>
    <ClInclude Include="Dependencies\external\tinyexr.h">
      <Filter>헤더 파일</Filter>
    </ClInclude>
    <ClInclude Include="Dependencies\external\assimp\Compiler\poppack1.h">
      <Filter>헤더 파일</Filter>
    </ClInclude>
    <ClInclude Include="Dependencies\external\assimp\Compiler\pstdint.h">
      <Filter>헤더 파일</Filter>
    </ClInclude>
    <ClInclude Include="Dependencies\external\assimp\Compiler\pushpack1.h">
      <Filter>헤더 파일</Filter>
    </ClInclude>
    <ClInclude Include="Dependencies\external\assimp\aabb.h">
      <Filter>헤더 파일</Filter>
    </ClInclude>
    <ClInclude Include="Dependencies\external\assimp\anim.h">
      <Filter>헤더 파일</Filter>
    </ClInclude>
    <ClInclude Include="Dependencies\external\assimp\camera.h">
      <Filter>헤더 파일</Filter>
    </ClInclude>
    <ClInclude Include="Dependencies\external\assimp\color4.h">
      <Filter>헤더 파일</Filter>
    </ClInclude>
    <ClInclude Include="Dependencies\external\assimp\config.h">
      <Filter>헤더 파일</Filter>
    </ClInclude>
    <ClInclude Include="Dependencies\external\assimp\defs.h">
      <Filter>헤더 파일</Filter>
    </ClInclude>
    <ClInclude Include="Dependencies\external\assimp\Importer.hpp">
      <Filter>헤더 파일</Filter>
    </ClInclude>
    <ClInclude Include="Dependencies\external\assimp\light.h">
      <Filter>헤더 파일</Filter>
    </ClInclude>
    <ClInclude Include="Dependencies\external\assimp\material.h">
      <Filter>헤더 파일</Filter>
    </ClInclude>
    <ClInclude Include="Dependencies\external\assimp\MathFunctions.h">
      <Filter>헤더 파일</Filter>
    </ClInclude>
    <ClInclude Include="Dependencies\external\assimp\matrix3x3.h">
      <Filter>헤더 파일</Filter>
    </ClInclude>
    <ClInclude Include="Dependencies\external\assimp\matrix4x4.h">
      <Filter>헤더 파일</Filter>
    </ClInclude>
    <ClInclude Include="Dependencies\external\assimp\mesh.h">
      <Filter>헤더 파일</Filter>
    </ClInclude>
    <ClInclude Include="Dependencies\external\assimp\metadata.h">
      <Filter>헤더 파일</Filter>
    </ClInclude>
    <ClInclude Include="Dependencies\external\assimp\postprocess.h">
      <Filter>헤더 파일</Filter>
    </ClInclude>
    <ClInclude Include="Dependencies\external\assimp\quaternion.h">
      <Filter>헤더 파일</Filter>
    </ClInclude>
    <ClInclude Include="Dependencies\external\assimp\scene.h">
      <Filter>헤더 파일</Filter>
    </ClInclude>
    <ClInclude Include="Dependencies\external\assimp\texture.h">
      <Filter>헤더 파일</Filter>
    </ClInclude>
    <ClInclude Include="Dependencies\external\assimp\types.h">
      <Filter>헤더 파일</Filter>
    </ClInclude>
    <ClInclude Include="Dependencies\external\assimp\vector2.h">
      <Filter>헤더 파일</Filter>
    </ClInclude>
    <ClInclude Include="Dependencies\external\assimp\vector3.h">
      <Filter>헤더 파일</Filter>
    </ClInclude>
    <ClInclude Include="Dependencies\external\Eigen\src\Cholesky\LDLT.h">
      <Filter>헤더 파일</Filter>
    </ClInclude>
    <ClInclude Include="Dependencies\external\Eigen\src\Cholesky\LLT.h">
      <Filter>헤더 파일</Filter>
    </ClInclude>
    <ClInclude Include="Dependencies\external\Eigen\src\Cholesky\LLT_LAPACKE.h">
      <Filter>헤더 파일</Filter>
    </ClInclude>
    <ClInclude Include="Dependencies\external\Eigen\src\Core\arch\AltiVec\Complex.h">
      <Filter>헤더 파일</Filter>
    </ClInclude>
    <ClInclude Include="Dependencies\external\Eigen\src\Core\arch\AltiVec\MathFunctions.h">
      <Filter>헤더 파일</Filter>
    </ClInclude>
    <ClInclude Include="Dependencies\external\Eigen\src\Core\arch\AltiVec\MatrixProduct.h">
      <Filter>헤더 파일</Filter>
    </ClInclude>
    <ClInclude Include="Dependencies\external\Eigen\src\Core\arch\AltiVec\MatrixProductCommon.h">
      <Filter>헤더 파일</Filter>
    </ClInclude>
    <ClInclude Include="Dependencies\external\Eigen\src\Core\arch\AltiVec\MatrixProductMMA.h">
      <Filter>헤더 파일</Filter>
    </ClInclude>
    <ClInclude Include="Dependencies\external\Eigen\src\Core\arch\AltiVec\PacketMath.h">
      <Filter>헤더 파일</Filter>
    </ClInclude>
    <ClInclude Include="Dependencies\external\Eigen\src\Core\arch\AVX\Complex.h">
      <Filter>헤더 파일</Filter>
    </ClInclude>
    <ClInclude Include="Dependencies\external\Eigen\src\Core\arch\AVX\MathFunctions.h">
      <Filter>헤더 파일</Filter>
    </ClInclude>
    <ClInclude Include="Dependencies\external\Eigen\src\Core\arch\AVX\PacketMath.h">
      <Filter>헤더 파일</Filter>
    </ClInclude>
    <ClInclude Include="Dependencies\external\Eigen\src\Core\arch\AVX\TypeCasting.h">
      <Filter>헤더 파일</Filter>
    </ClInclude>
    <ClInclude Include="Dependencies\external\Eigen\src\Core\arch\AVX512\Complex.h">
      <Filter>헤더 파일</Filter>
    </ClInclude>
    <ClInclude Include="Dependencies\external\Eigen\src\Core\arch\AVX512\MathFunctions.h">
      <Filter>헤더 파일</Filter>
    </ClInclude>
    <ClInclude Include="Dependencies\external\Eigen\src\Core\arch\AVX512\PacketMath.h">
      <Filter>헤더 파일</Filter>
    </ClInclude>
    <ClInclude Include="Dependencies\external\Eigen\src\Core\arch\AVX512\TypeCasting.h">
      <Filter>헤더 파일</Filter>
    </ClInclude>
    <ClInclude Include="Dependencies\external\Eigen\src\Core\arch\CUDA\Complex.h">
      <Filter>헤더 파일</Filter>
    </ClInclude>
    <ClInclude Include="Dependencies\external\Eigen\src\Core\arch\Default\BFloat16.h">
      <Filter>헤더 파일</Filter>
    </ClInclude>
    <ClInclude Include="Dependencies\external\Eigen\src\Core\arch\Default\ConjHelper.h">
      <Filter>헤더 파일</Filter>
    </ClInclude>
    <ClInclude Include="Dependencies\external\Eigen\src\Core\arch\Default\GenericPacketMathFunctions.h">
      <Filter>헤더 파일</Filter>
    </ClInclude>
    <ClInclude Include="Dependencies\external\Eigen\src\Core\arch\Default\GenericPacketMathFunctionsFwd.h">
      <Filter>헤더 파일</Filter>
    </ClInclude>
    <ClInclude Include="Dependencies\external\Eigen\src\Core\arch\Default\Half.h">
      <Filter>헤더 파일</Filter>
    </ClInclude>
    <ClInclude Include="Dependencies\external\Eigen\src\Core\arch\Default\Settings.h">
      <Filter>헤더 파일</Filter>
    </ClInclude>
    <ClInclude Include="Dependencies\external\Eigen\src\Core\arch\Default\TypeCasting.h">
      <Filter>헤더 파일</Filter>
    </ClInclude>
    <ClInclude Include="Dependencies\external\Eigen\src\Core\arch\GPU\MathFunctions.h">
      <Filter>헤더 파일</Filter>
    </ClInclude>
    <ClInclude Include="Dependencies\external\Eigen\src\Core\arch\GPU\PacketMath.h">
      <Filter>헤더 파일</Filter>
    </ClInclude>
    <ClInclude Include="Dependencies\external\Eigen\src\Core\arch\GPU\TypeCasting.h">
      <Filter>헤더 파일</Filter>
    </ClInclude>
    <ClInclude Include="Dependencies\external\Eigen\src\Core\arch\HIP\hcc\math_constants.h">
      <Filter>헤더 파일</Filter>
    </ClInclude>
    <ClInclude Include="Dependencies\external\Eigen\src\Core\arch\MSA\Complex.h">
      <Filter>헤더 파일</Filter>
    </ClInclude>
    <ClInclude Include="Dependencies\external\Eigen\src\Core\arch\MSA\MathFunctions.h">
      <Filter>헤더 파일</Filter>
    </ClInclude>
    <ClInclude Include="Dependencies\external\Eigen\src\Core\arch\MSA\PacketMath.h">
      <Filter>헤더 파일</Filter>
    </ClInclude>
    <ClInclude Include="Dependencies\external\Eigen\src\Core\arch\NEON\Complex.h">
      <Filter>헤더 파일</Filter>
    </ClInclude>
    <ClInclude Include="Dependencies\external\Eigen\src\Core\arch\NEON\GeneralBlockPanelKernel.h">
      <Filter>헤더 파일</Filter>
    </ClInclude>
    <ClInclude Include="Dependencies\external\Eigen\src\Core\arch\NEON\MathFunctions.h">
      <Filter>헤더 파일</Filter>
    </ClInclude>
    <ClInclude Include="Dependencies\external\Eigen\src\Core\arch\NEON\PacketMath.h">
      <Filter>헤더 파일</Filter>
    </ClInclude>
    <ClInclude Include="Dependencies\external\Eigen\src\Core\arch\NEON\TypeCasting.h">
      <Filter>헤더 파일</Filter>
    </ClInclude>
    <ClInclude Include="Dependencies\external\Eigen\src\Core\arch\SSE\Complex.h">
      <Filter>헤더 파일</Filter>
    </ClInclude>
    <ClInclude Include="Dependencies\external\Eigen\src\Core\arch\SSE\MathFunctions.h">
      <Filter>헤더 파일</Filter>
    </ClInclude>
    <ClInclude Include="Dependencies\external\Eigen\src\Core\arch\SSE\PacketMath.h">
      <Filter>헤더 파일</Filter>
    </ClInclude>
    <ClInclude Include="Dependencies\external\Eigen\src\Core\arch\SSE\TypeCasting.h">
      <Filter>헤더 파일</Filter>
    </ClInclude>
    <ClInclude Include="Dependencies\external\Eigen\src\Core\arch\SVE\MathFunctions.h">
      <Filter>헤더 파일</Filter>
    </ClInclude>
    <ClInclude Include="Dependencies\external\Eigen\src\Core\arch\SVE\PacketMath.h">
      <Filter>헤더 파일</Filter>
    </ClInclude>
    <ClInclude Include="Dependencies\external\Eigen\src\Core\arch\SVE\TypeCasting.h">
      <Filter>헤더 파일</Filter>
    </ClInclude>
    <ClInclude Include="Dependencies\external\Eigen\src\Core\arch\SYCL\InteropHeaders.h">
      <Filter>헤더 파일</Filter>
    </ClInclude>
    <ClInclude Include="Dependencies\external\Eigen\src\Core\arch\SYCL\MathFunctions.h">
      <Filter>헤더 파일</Filter>
    </ClInclude>
    <ClInclude Include="Dependencies\external\Eigen\src\Core\arch\SYCL\PacketMath.h">
      <Filter>헤더 파일</Filter>
    </ClInclude>
    <ClInclude Include="Dependencies\external\Eigen\src\Core\arch\SYCL\SyclMemoryModel.h">
      <Filter>헤더 파일</Filter>
    </ClInclude>
    <ClInclude Include="Dependencies\external\Eigen\src\Core\arch\SYCL\TypeCasting.h">
      <Filter>헤더 파일</Filter>
    </ClInclude>
    <ClInclude Include="Dependencies\external\Eigen\src\Core\arch\ZVector\Complex.h">
      <Filter>헤더 파일</Filter>
    </ClInclude>
    <ClInclude Include="Dependencies\external\Eigen\src\Core\arch\ZVector\MathFunctions.h">
      <Filter>헤더 파일</Filter>
    </ClInclude>
    <ClInclude Include="Dependencies\external\Eigen\src\Core\arch\ZVector\PacketMath.h">
      <Filter>헤더 파일</Filter>
    </ClInclude>
    <ClInclude Include="Dependencies\external\Eigen\src\Core\functors\AssignmentFunctors.h">
      <Filter>헤더 파일</Filter>
    </ClInclude>
    <ClInclude Include="Dependencies\external\Eigen\src\Core\functors\BinaryFunctors.h">
      <Filter>헤더 파일</Filter>
    </ClInclude>
    <ClInclude Include="Dependencies\external\Eigen\src\Core\functors\NullaryFunctors.h">
      <Filter>헤더 파일</Filter>
    </ClInclude>
    <ClInclude Include="Dependencies\external\Eigen\src\Core\functors\StlFunctors.h">
      <Filter>헤더 파일</Filter>
    </ClInclude>
    <ClInclude Include="Dependencies\external\Eigen\src\Core\functors\TernaryFunctors.h">
      <Filter>헤더 파일</Filter>
    </ClInclude>
    <ClInclude Include="Dependencies\external\Eigen\src\Core\functors\UnaryFunctors.h">
      <Filter>헤더 파일</Filter>
    </ClInclude>
    <ClInclude Include="Dependencies\external\Eigen\src\Core\products\GeneralBlockPanelKernel.h">
      <Filter>헤더 파일</Filter>
    </ClInclude>
    <ClInclude Include="Dependencies\external\Eigen\src\Core\products\GeneralMatrixMatrix.h">
      <Filter>헤더 파일</Filter>
    </ClInclude>
    <ClInclude Include="Dependencies\external\Eigen\src\Core\products\GeneralMatrixMatrix_BLAS.h">
      <Filter>헤더 파일</Filter>
    </ClInclude>
    <ClInclude Include="Dependencies\external\Eigen\src\Core\products\GeneralMatrixMatrixTriangular.h">
      <Filter>헤더 파일</Filter>
    </ClInclude>
    <ClInclude Include="Dependencies\external\Eigen\src\Core\products\GeneralMatrixMatrixTriangular_BLAS.h">
      <Filter>헤더 파일</Filter>
    </ClInclude>
    <ClInclude Include="Dependencies\external\Eigen\src\Core\products\GeneralMatrixVector.h">
      <Filter>헤더 파일</Filter>
    </ClInclude>
    <ClInclude Include="Dependencies\external\Eigen\src\Core\products\GeneralMatrixVector_BLAS.h">
      <Filter>헤더 파일</Filter>
    </ClInclude>
    <ClInclude Include="Dependencies\external\Eigen\src\Core\products\Parallelizer.h">
      <Filter>헤더 파일</Filter>
    </ClInclude>
    <ClInclude Include="Dependencies\external\Eigen\src\Core\products\SelfadjointMatrixMatrix.h">
      <Filter>헤더 파일</Filter>
    </ClInclude>
    <ClInclude Include="Dependencies\external\Eigen\src\Core\products\SelfadjointMatrixMatrix_BLAS.h">
      <Filter>헤더 파일</Filter>
    </ClInclude>
    <ClInclude Include="Dependencies\external\Eigen\src\Core\products\SelfadjointMatrixVector.h">
      <Filter>헤더 파일</Filter>
    </ClInclude>
    <ClInclude Include="Dependencies\external\Eigen\src\Core\products\SelfadjointMatrixVector_BLAS.h">
      <Filter>헤더 파일</Filter>
    </ClInclude>
    <ClInclude Include="Dependencies\external\Eigen\src\Core\products\SelfadjointProduct.h">
      <Filter>헤더 파일</Filter>
    </ClInclude>
    <ClInclude Include="Dependencies\external\Eigen\src\Core\products\SelfadjointRank2Update.h">
      <Filter>헤더 파일</Filter>
    </ClInclude>
    <ClInclude Include="Dependencies\external\Eigen\src\Core\products\TriangularMatrixMatrix.h">
      <Filter>헤더 파일</Filter>
    </ClInclude>
    <ClInclude Include="Dependencies\external\Eigen\src\Core\products\TriangularMatrixMatrix_BLAS.h">
      <Filter>헤더 파일</Filter>
    </ClInclude>
    <ClInclude Include="Dependencies\external\Eigen\src\Core\products\TriangularMatrixVector.h">
      <Filter>헤더 파일</Filter>
    </ClInclude>
    <ClInclude Include="Dependencies\external\Eigen\src\Core\products\TriangularMatrixVector_BLAS.h">
      <Filter>헤더 파일</Filter>
    </ClInclude>
    <ClInclude Include="Dependencies\external\Eigen\src\Core\products\TriangularSolverMatrix.h">
      <Filter>헤더 파일</Filter>
    </ClInclude>
    <ClInclude Include="Dependencies\external\Eigen\src\Core\products\TriangularSolverMatrix_BLAS.h">
      <Filter>헤더 파일</Filter>
    </ClInclude>
    <ClInclude Include="Dependencies\external\Eigen\src\Core\products\TriangularSolverVector.h">
      <Filter>헤더 파일</Filter>
    </ClInclude>
    <ClInclude Include="Dependencies\external\Eigen\src\Core\util\BlasUtil.h">
      <Filter>헤더 파일</Filter>
    </ClInclude>
    <ClInclude Include="Dependencies\external\Eigen\src\Core\util\ConfigureVectorization.h">
      <Filter>헤더 파일</Filter>
    </ClInclude>
    <ClInclude Include="Dependencies\external\Eigen\src\Core\util\Constants.h">
      <Filter>헤더 파일</Filter>
    </ClInclude>
    <ClInclude Include="Dependencies\external\Eigen\src\Core\util\DisableStupidWarnings.h">
      <Filter>헤더 파일</Filter>
    </ClInclude>
    <ClInclude Include="Dependencies\external\Eigen\src\Core\util\ForwardDeclarations.h">
      <Filter>헤더 파일</Filter>
    </ClInclude>
    <ClInclude Include="Dependencies\external\Eigen\src\Core\util\IndexedViewHelper.h">
      <Filter>헤더 파일</Filter>
    </ClInclude>
    <ClInclude Include="Dependencies\external\Eigen\src\Core\util\IntegralConstant.h">
      <Filter>헤더 파일</Filter>
    </ClInclude>
    <ClInclude Include="Dependencies\external\Eigen\src\Core\util\Macros.h">
      <Filter>헤더 파일</Filter>
    </ClInclude>
    <ClInclude Include="Dependencies\external\Eigen\src\Core\util\Memory.h">
      <Filter>헤더 파일</Filter>
    </ClInclude>
    <ClInclude Include="Dependencies\external\Eigen\src\Core\util\Meta.h">
      <Filter>헤더 파일</Filter>
    </ClInclude>
    <ClInclude Include="Dependencies\external\Eigen\src\Core\util\MKL_support.h">
      <Filter>헤더 파일</Filter>
    </ClInclude>
    <ClInclude Include="Dependencies\external\Eigen\src\Core\util\ReenableStupidWarnings.h">
      <Filter>헤더 파일</Filter>
    </ClInclude>
    <ClInclude Include="Dependencies\external\Eigen\src\Core\util\ReshapedHelper.h">
      <Filter>헤더 파일</Filter>
    </ClInclude>
    <ClInclude Include="Dependencies\external\Eigen\src\Core\util\StaticAssert.h">
      <Filter>헤더 파일</Filter>
    </ClInclude>
    <ClInclude Include="Dependencies\external\Eigen\src\Core\util\SymbolicIndex.h">
      <Filter>헤더 파일</Filter>
    </ClInclude>
    <ClInclude Include="Dependencies\external\Eigen\src\Core\util\XprHelper.h">
      <Filter>헤더 파일</Filter>
    </ClInclude>
    <ClInclude Include="Dependencies\external\Eigen\src\Core\ArithmeticSequence.h">
      <Filter>헤더 파일</Filter>
    </ClInclude>
    <ClInclude Include="Dependencies\external\Eigen\src\Core\Array.h">
      <Filter>헤더 파일</Filter>
    </ClInclude>
    <ClInclude Include="Dependencies\external\Eigen\src\Core\ArrayBase.h">
      <Filter>헤더 파일</Filter>
    </ClInclude>
    <ClInclude Include="Dependencies\external\Eigen\src\Core\ArrayWrapper.h">
      <Filter>헤더 파일</Filter>
    </ClInclude>
    <ClInclude Include="Dependencies\external\Eigen\src\Core\Assign.h">
      <Filter>헤더 파일</Filter>
    </ClInclude>
    <ClInclude Include="Dependencies\external\Eigen\src\Core\Assign_MKL.h">
      <Filter>헤더 파일</Filter>
    </ClInclude>
    <ClInclude Include="Dependencies\external\Eigen\src\Core\AssignEvaluator.h">
      <Filter>헤더 파일</Filter>
    </ClInclude>
    <ClInclude Include="Dependencies\external\Eigen\src\Core\BandMatrix.h">
      <Filter>헤더 파일</Filter>
    </ClInclude>
    <ClInclude Include="Dependencies\external\Eigen\src\Core\Block.h">
      <Filter>헤더 파일</Filter>
    </ClInclude>
    <ClInclude Include="Dependencies\external\Eigen\src\Core\BooleanRedux.h">
      <Filter>헤더 파일</Filter>
    </ClInclude>
    <ClInclude Include="Dependencies\external\Eigen\src\Core\CommaInitializer.h">
      <Filter>헤더 파일</Filter>
    </ClInclude>
    <ClInclude Include="Dependencies\external\Eigen\src\Core\ConditionEstimator.h">
      <Filter>헤더 파일</Filter>
    </ClInclude>
    <ClInclude Include="Dependencies\external\Eigen\src\Core\CoreEvaluators.h">
      <Filter>헤더 파일</Filter>
    </ClInclude>
    <ClInclude Include="Dependencies\external\Eigen\src\Core\CoreIterators.h">
      <Filter>헤더 파일</Filter>
    </ClInclude>
    <ClInclude Include="Dependencies\external\Eigen\src\Core\CwiseBinaryOp.h">
      <Filter>헤더 파일</Filter>
    </ClInclude>
    <ClInclude Include="Dependencies\external\Eigen\src\Core\CwiseNullaryOp.h">
      <Filter>헤더 파일</Filter>
    </ClInclude>
    <ClInclude Include="Dependencies\external\Eigen\src\Core\CwiseTernaryOp.h">
      <Filter>헤더 파일</Filter>
    </ClInclude>
    <ClInclude Include="Dependencies\external\Eigen\src\Core\CwiseUnaryOp.h">
      <Filter>헤더 파일</Filter>
    </ClInclude>
    <ClInclude Include="Dependencies\external\Eigen\src\Core\CwiseUnaryView.h">
      <Filter>헤더 파일</Filter>
    </ClInclude>
    <ClInclude Include="Dependencies\external\Eigen\src\Core\DenseBase.h">
      <Filter>헤더 파일</Filter>
    </ClInclude>
    <ClInclude Include="Dependencies\external\Eigen\src\Core\DenseCoeffsBase.h">
      <Filter>헤더 파일</Filter>
    </ClInclude>
    <ClInclude Include="Dependencies\external\Eigen\src\Core\DenseStorage.h">
      <Filter>헤더 파일</Filter>
    </ClInclude>
    <ClInclude Include="Dependencies\external\Eigen\src\Core\Diagonal.h">
      <Filter>헤더 파일</Filter>
    </ClInclude>
    <ClInclude Include="Dependencies\external\Eigen\src\Core\DiagonalMatrix.h">
      <Filter>헤더 파일</Filter>
    </ClInclude>
    <ClInclude Include="Dependencies\external\Eigen\src\Core\DiagonalProduct.h">
      <Filter>헤더 파일</Filter>
    </ClInclude>
    <ClInclude Include="Dependencies\external\Eigen\src\Core\Dot.h">
      <Filter>헤더 파일</Filter>
    </ClInclude>
    <ClInclude Include="Dependencies\external\Eigen\src\Core\EigenBase.h">
      <Filter>헤더 파일</Filter>
    </ClInclude>
    <ClInclude Include="Dependencies\external\Eigen\src\Core\Fuzzy.h">
      <Filter>헤더 파일</Filter>
    </ClInclude>
    <ClInclude Include="Dependencies\external\Eigen\src\Core\GeneralProduct.h">
      <Filter>헤더 파일</Filter>
    </ClInclude>
    <ClInclude Include="Dependencies\external\Eigen\src\Core\GenericPacketMath.h">
      <Filter>헤더 파일</Filter>
    </ClInclude>
    <ClInclude Include="Dependencies\external\Eigen\src\Core\GlobalFunctions.h">
      <Filter>헤더 파일</Filter>
    </ClInclude>
    <ClInclude Include="Dependencies\external\Eigen\src\Core\IndexedView.h">
      <Filter>헤더 파일</Filter>
    </ClInclude>
    <ClInclude Include="Dependencies\external\Eigen\src\Core\Inverse.h">
      <Filter>헤더 파일</Filter>
    </ClInclude>
    <ClInclude Include="Dependencies\external\Eigen\src\Core\IO.h">
      <Filter>헤더 파일</Filter>
    </ClInclude>
    <ClInclude Include="Dependencies\external\Eigen\src\Core\Map.h">
      <Filter>헤더 파일</Filter>
    </ClInclude>
    <ClInclude Include="Dependencies\external\Eigen\src\Core\MapBase.h">
      <Filter>헤더 파일</Filter>
    </ClInclude>
    <ClInclude Include="Dependencies\external\Eigen\src\Core\MathFunctions.h">
      <Filter>헤더 파일</Filter>
    </ClInclude>
    <ClInclude Include="Dependencies\external\Eigen\src\Core\MathFunctionsImpl.h">
      <Filter>헤더 파일</Filter>
    </ClInclude>
    <ClInclude Include="Dependencies\external\Eigen\src\Core\Matrix.h">
      <Filter>헤더 파일</Filter>
    </ClInclude>
    <ClInclude Include="Dependencies\external\Eigen\src\Core\MatrixBase.h">
      <Filter>헤더 파일</Filter>
    </ClInclude>
    <ClInclude Include="Dependencies\external\Eigen\src\Core\NestByValue.h">
      <Filter>헤더 파일</Filter>
    </ClInclude>
    <ClInclude Include="Dependencies\external\Eigen\src\Core\NoAlias.h">
      <Filter>헤더 파일</Filter>
    </ClInclude>
    <ClInclude Include="Dependencies\external\Eigen\src\Core\NumTraits.h">
      <Filter>헤더 파일</Filter>
    </ClInclude>
    <ClInclude Include="Dependencies\external\Eigen\src\Core\PartialReduxEvaluator.h">
      <Filter>헤더 파일</Filter>
    </ClInclude>
    <ClInclude Include="Dependencies\external\Eigen\src\Core\PermutationMatrix.h">
      <Filter>헤더 파일</Filter>
    </ClInclude>
    <ClInclude Include="Dependencies\external\Eigen\src\Core\PlainObjectBase.h">
      <Filter>헤더 파일</Filter>
    </ClInclude>
    <ClInclude Include="Dependencies\external\Eigen\src\Core\Product.h">
      <Filter>헤더 파일</Filter>
    </ClInclude>
    <ClInclude Include="Dependencies\external\Eigen\src\Core\ProductEvaluators.h">
      <Filter>헤더 파일</Filter>
    </ClInclude>
    <ClInclude Include="Dependencies\external\Eigen\src\Core\Random.h">
      <Filter>헤더 파일</Filter>
    </ClInclude>
    <ClInclude Include="Dependencies\external\Eigen\src\Core\Redux.h">
      <Filter>헤더 파일</Filter>
    </ClInclude>
    <ClInclude Include="Dependencies\external\Eigen\src\Core\Ref.h">
      <Filter>헤더 파일</Filter>
    </ClInclude>
    <ClInclude Include="Dependencies\external\Eigen\src\Core\Replicate.h">
      <Filter>헤더 파일</Filter>
    </ClInclude>
    <ClInclude Include="Dependencies\external\Eigen\src\Core\Reshaped.h">
      <Filter>헤더 파일</Filter>
    </ClInclude>
    <ClInclude Include="Dependencies\external\Eigen\src\Core\ReturnByValue.h">
      <Filter>헤더 파일</Filter>
    </ClInclude>
    <ClInclude Include="Dependencies\external\Eigen\src\Core\Reverse.h">
      <Filter>헤더 파일</Filter>
    </ClInclude>
    <ClInclude Include="Dependencies\external\Eigen\src\Core\Select.h">
      <Filter>헤더 파일</Filter>
    </ClInclude>
    <ClInclude Include="Dependencies\external\Eigen\src\Core\SelfAdjointView.h">
      <Filter>헤더 파일</Filter>
    </ClInclude>
    <ClInclude Include="Dependencies\external\Eigen\src\Core\SelfCwiseBinaryOp.h">
      <Filter>헤더 파일</Filter>
    </ClInclude>
    <ClInclude Include="Dependencies\external\Eigen\src\Core\Solve.h">
      <Filter>헤더 파일</Filter>
    </ClInclude>
    <ClInclude Include="Dependencies\external\Eigen\src\Core\SolverBase.h">
      <Filter>헤더 파일</Filter>
    </ClInclude>
    <ClInclude Include="Dependencies\external\Eigen\src\Core\SolveTriangular.h">
      <Filter>헤더 파일</Filter>
    </ClInclude>
    <ClInclude Include="Dependencies\external\Eigen\src\Core\StableNorm.h">
      <Filter>헤더 파일</Filter>
    </ClInclude>
    <ClInclude Include="Dependencies\external\Eigen\src\Core\StlIterators.h">
      <Filter>헤더 파일</Filter>
    </ClInclude>
    <ClInclude Include="Dependencies\external\Eigen\src\Core\Stride.h">
      <Filter>헤더 파일</Filter>
    </ClInclude>
    <ClInclude Include="Dependencies\external\Eigen\src\Core\Swap.h">
      <Filter>헤더 파일</Filter>
    </ClInclude>
    <ClInclude Include="Dependencies\external\Eigen\src\Core\Transpose.h">
      <Filter>헤더 파일</Filter>
    </ClInclude>
    <ClInclude Include="Dependencies\external\Eigen\src\Core\Transpositions.h">
      <Filter>헤더 파일</Filter>
    </ClInclude>
    <ClInclude Include="Dependencies\external\Eigen\src\Core\TriangularMatrix.h">
      <Filter>헤더 파일</Filter>
    </ClInclude>
    <ClInclude Include="Dependencies\external\Eigen\src\Core\VectorBlock.h">
      <Filter>헤더 파일</Filter>
    </ClInclude>
    <ClInclude Include="Dependencies\external\Eigen\src\Core\VectorwiseOp.h">
      <Filter>헤더 파일</Filter>
    </ClInclude>
    <ClInclude Include="Dependencies\external\Eigen\src\Core\Visitor.h">
      <Filter>헤더 파일</Filter>
    </ClInclude>
    <ClInclude Include="Dependencies\external\Eigen\src\Eigenvalues\ComplexEigenSolver.h">
      <Filter>헤더 파일</Filter>
    </ClInclude>
    <ClInclude Include="Dependencies\external\Eigen\src\Eigenvalues\ComplexSchur.h">
      <Filter>헤더 파일</Filter>
    </ClInclude>
    <ClInclude Include="Dependencies\external\Eigen\src\Eigenvalues\ComplexSchur_LAPACKE.h">
      <Filter>헤더 파일</Filter>
    </ClInclude>
    <ClInclude Include="Dependencies\external\Eigen\src\Eigenvalues\EigenSolver.h">
      <Filter>헤더 파일</Filter>
    </ClInclude>
    <ClInclude Include="Dependencies\external\Eigen\src\Eigenvalues\GeneralizedEigenSolver.h">
      <Filter>헤더 파일</Filter>
    </ClInclude>
    <ClInclude Include="Dependencies\external\Eigen\src\Eigenvalues\GeneralizedSelfAdjointEigenSolver.h">
      <Filter>헤더 파일</Filter>
    </ClInclude>
    <ClInclude Include="Dependencies\external\Eigen\src\Eigenvalues\HessenbergDecomposition.h">
      <Filter>헤더 파일</Filter>
    </ClInclude>
    <ClInclude Include="Dependencies\external\Eigen\src\Eigenvalues\MatrixBaseEigenvalues.h">
      <Filter>헤더 파일</Filter>
    </ClInclude>
    <ClInclude Include="Dependencies\external\Eigen\src\Eigenvalues\RealQZ.h">
      <Filter>헤더 파일</Filter>
    </ClInclude>
    <ClInclude Include="Dependencies\external\Eigen\src\Eigenvalues\RealSchur.h">
      <Filter>헤더 파일</Filter>
    </ClInclude>
    <ClInclude Include="Dependencies\external\Eigen\src\Eigenvalues\RealSchur_LAPACKE.h">
      <Filter>헤더 파일</Filter>
    </ClInclude>
    <ClInclude Include="Dependencies\external\Eigen\src\Eigenvalues\SelfAdjointEigenSolver.h">
      <Filter>헤더 파일</Filter>
    </ClInclude>
    <ClInclude Include="Dependencies\external\Eigen\src\Eigenvalues\SelfAdjointEigenSolver_LAPACKE.h">
      <Filter>헤더 파일</Filter>
    </ClInclude>
    <ClInclude Include="Dependencies\external\Eigen\src\Eigenvalues\Tridiagonalization.h">
      <Filter>헤더 파일</Filter>
    </ClInclude>
    <ClInclude Include="Dependencies\external\Eigen\src\Geometry\arch\Geometry_SIMD.h">
      <Filter>헤더 파일</Filter>
    </ClInclude>
    <ClInclude Include="Dependencies\external\Eigen\src\Geometry\AlignedBox.h">
      <Filter>헤더 파일</Filter>
    </ClInclude>
    <ClInclude Include="Dependencies\external\Eigen\src\Geometry\AngleAxis.h">
      <Filter>헤더 파일</Filter>
    </ClInclude>
    <ClInclude Include="Dependencies\external\Eigen\src\Geometry\EulerAngles.h">
      <Filter>헤더 파일</Filter>
    </ClInclude>
    <ClInclude Include="Dependencies\external\Eigen\src\Geometry\Homogeneous.h">
      <Filter>헤더 파일</Filter>
    </ClInclude>
    <ClInclude Include="Dependencies\external\Eigen\src\Geometry\Hyperplane.h">
      <Filter>헤더 파일</Filter>
    </ClInclude>
    <ClInclude Include="Dependencies\external\Eigen\src\Geometry\OrthoMethods.h">
      <Filter>헤더 파일</Filter>
    </ClInclude>
    <ClInclude Include="Dependencies\external\Eigen\src\Geometry\ParametrizedLine.h">
      <Filter>헤더 파일</Filter>
    </ClInclude>
    <ClInclude Include="Dependencies\external\Eigen\src\Geometry\Quaternion.h">
      <Filter>헤더 파일</Filter>
    </ClInclude>
    <ClInclude Include="Dependencies\external\Eigen\src\Geometry\Rotation2D.h">
      <Filter>헤더 파일</Filter>
    </ClInclude>
    <ClInclude Include="Dependencies\external\Eigen\src\Geometry\RotationBase.h">
      <Filter>헤더 파일</Filter>
    </ClInclude>
    <ClInclude Include="Dependencies\external\Eigen\src\Geometry\Scaling.h">
      <Filter>헤더 파일</Filter>
    </ClInclude>
    <ClInclude Include="Dependencies\external\Eigen\src\Geometry\Transform.h">
      <Filter>헤더 파일</Filter>
    </ClInclude>
    <ClInclude Include="Dependencies\external\Eigen\src\Geometry\Translation.h">
      <Filter>헤더 파일</Filter>
    </ClInclude>
    <ClInclude Include="Dependencies\external\Eigen\src\Geometry\Umeyama.h">
      <Filter>헤더 파일</Filter>
    </ClInclude>
    <ClInclude Include="Dependencies\external\Eigen\src\Householder\BlockHouseholder.h">
      <Filter>헤더 파일</Filter>
    </ClInclude>
    <ClInclude Include="Dependencies\external\Eigen\src\Householder\Householder.h">
      <Filter>헤더 파일</Filter>
    </ClInclude>
    <ClInclude Include="Dependencies\external\Eigen\src\Householder\HouseholderSequence.h">
      <Filter>헤더 파일</Filter>
    </ClInclude>
    <ClInclude Include="Dependencies\external\Eigen\src\Jacobi\Jacobi.h">
      <Filter>헤더 파일</Filter>
    </ClInclude>
    <ClInclude Include="Dependencies\external\Eigen\src\LU\arch\InverseSize4.h">
      <Filter>헤더 파일</Filter>
    </ClInclude>
    <ClInclude Include="Dependencies\external\Eigen\src\LU\Determinant.h">
      <Filter>헤더 파일</Filter>
    </ClInclude>
    <ClInclude Include="Dependencies\external\Eigen\src\LU\FullPivLU.h">
      <Filter>헤더 파일</Filter>
    </ClInclude>
    <ClInclude Include="Dependencies\external\Eigen\src\LU\InverseImpl.h">
      <Filter>헤더 파일</Filter>
    </ClInclude>
    <ClInclude Include="Dependencies\external\Eigen\src\LU\PartialPivLU.h">
      <Filter>헤더 파일</Filter>
    </ClInclude>
    <ClInclude Include="Dependencies\external\Eigen\src\LU\PartialPivLU_LAPACKE.h">
      <Filter>헤더 파일</Filter>
    </ClInclude>
    <ClInclude Include="Dependencies\external\Eigen\src\misc\blas.h">
      <Filter>헤더 파일</Filter>
    </ClInclude>
    <ClInclude Include="Dependencies\external\Eigen\src\misc\Image.h">
      <Filter>헤더 파일</Filter>
    </ClInclude>
    <ClInclude Include="Dependencies\external\Eigen\src\misc\Kernel.h">
      <Filter>헤더 파일</Filter>
    </ClInclude>
    <ClInclude Include="Dependencies\external\Eigen\src\misc\lapacke.h">
      <Filter>헤더 파일</Filter>
    </ClInclude>
    <ClInclude Include="Dependencies\external\Eigen\src\misc\lapacke_mangling.h">
      <Filter>헤더 파일</Filter>
    </ClInclude>
    <ClInclude Include="Dependencies\external\Eigen\src\misc\RealSvd2x2.h">
      <Filter>헤더 파일</Filter>
    </ClInclude>
    <ClInclude Include="Dependencies\external\Eigen\src\plugins\ArrayCwiseBinaryOps.h">
      <Filter>헤더 파일</Filter>
    </ClInclude>
    <ClInclude Include="Dependencies\external\Eigen\src\plugins\ArrayCwiseUnaryOps.h">
      <Filter>헤더 파일</Filter>
    </ClInclude>
    <ClInclude Include="Dependencies\external\Eigen\src\plugins\BlockMethods.h">
      <Filter>헤더 파일</Filter>
    </ClInclude>
    <ClInclude Include="Dependencies\external\Eigen\src\plugins\CommonCwiseBinaryOps.h">
      <Filter>헤더 파일</Filter>
    </ClInclude>
    <ClInclude Include="Dependencies\external\Eigen\src\plugins\CommonCwiseUnaryOps.h">
      <Filter>헤더 파일</Filter>
    </ClInclude>
    <ClInclude Include="Dependencies\external\Eigen\src\plugins\IndexedViewMethods.h">
      <Filter>헤더 파일</Filter>
    </ClInclude>
    <ClInclude Include="Dependencies\external\Eigen\src\plugins\MatrixCwiseBinaryOps.h">
      <Filter>헤더 파일</Filter>
    </ClInclude>
    <ClInclude Include="Dependencies\external\Eigen\src\plugins\MatrixCwiseUnaryOps.h">
      <Filter>헤더 파일</Filter>
    </ClInclude>
    <ClInclude Include="Dependencies\external\Eigen\src\plugins\ReshapedMethods.h">
      <Filter>헤더 파일</Filter>
    </ClInclude>
    <ClInclude Include="Dependencies\external\Eigen\src\QR\ColPivHouseholderQR.h">
      <Filter>헤더 파일</Filter>
    </ClInclude>
    <ClInclude Include="Dependencies\external\Eigen\src\QR\ColPivHouseholderQR_LAPACKE.h">
      <Filter>헤더 파일</Filter>
    </ClInclude>
    <ClInclude Include="Dependencies\external\Eigen\src\QR\CompleteOrthogonalDecomposition.h">
      <Filter>헤더 파일</Filter>
    </ClInclude>
    <ClInclude Include="Dependencies\external\Eigen\src\QR\FullPivHouseholderQR.h">
      <Filter>헤더 파일</Filter>
    </ClInclude>
    <ClInclude Include="Dependencies\external\Eigen\src\QR\HouseholderQR.h">
      <Filter>헤더 파일</Filter>
    </ClInclude>
    <ClInclude Include="Dependencies\external\Eigen\src\QR\HouseholderQR_LAPACKE.h">
      <Filter>헤더 파일</Filter>
    </ClInclude>
    <ClInclude Include="Dependencies\external\Eigen\src\SVD\BDCSVD.h">
      <Filter>헤더 파일</Filter>
    </ClInclude>
    <ClInclude Include="Dependencies\external\Eigen\src\SVD\JacobiSVD.h">
      <Filter>헤더 파일</Filter>
    </ClInclude>
    <ClInclude Include="Dependencies\external\Eigen\src\SVD\JacobiSVD_LAPACKE.h">
      <Filter>헤더 파일</Filter>
    </ClInclude>
    <ClInclude Include="Dependencies\external\Eigen\src\SVD\SVDBase.h">
      <Filter>헤더 파일</Filter>
    </ClInclude>
    <ClInclude Include="Dependencies\external\Eigen\src\SVD\UpperBidiagonalization.h">
      <Filter>헤더 파일</Filter>
    </ClInclude>
    <ClInclude Include="Dependencies\external\glad\glad.h">
      <Filter>헤더 파일</Filter>
    </ClInclude>
    <ClInclude Include="Dependencies\external\GLFW\eglew.h">
      <Filter>헤더 파일</Filter>
    </ClInclude>
    <ClInclude Include="Dependencies\external\GLFW\glew.h">
      <Filter>헤더 파일</Filter>
    </ClInclude>
    <ClInclude Include="Dependencies\external\GLFW\glfw3.h">
      <Filter>헤더 파일</Filter>
    </ClInclude>
    <ClInclude Include="Dependencies\external\GLFW\glfw3native.h">
      <Filter>헤더 파일</Filter>
    </ClInclude>
    <ClInclude Include="Dependencies\external\GLFW\glxew.h">
      <Filter>헤더 파일</Filter>
    </ClInclude>
    <ClInclude Include="Dependencies\external\GLFW\wglew.h">
      <Filter>헤더 파일</Filter>
    </ClInclude>
    <ClInclude Include="Dependencies\external\glm\detail\_fixes.hpp">
      <Filter>헤더 파일</Filter>
    </ClInclude>
    <ClInclude Include="Dependencies\external\glm\detail\_swizzle.hpp">
      <Filter>헤더 파일</Filter>
    </ClInclude>
    <ClInclude Include="Dependencies\external\glm\detail\_swizzle_func.hpp">
      <Filter>헤더 파일</Filter>
    </ClInclude>
    <ClInclude Include="Dependencies\external\glm\detail\_vectorize.hpp">
      <Filter>헤더 파일</Filter>
    </ClInclude>
    <ClInclude Include="Dependencies\external\glm\detail\compute_common.hpp">
      <Filter>헤더 파일</Filter>
    </ClInclude>
    <ClInclude Include="Dependencies\external\glm\detail\compute_vector_relational.hpp">
      <Filter>헤더 파일</Filter>
    </ClInclude>
    <ClInclude Include="Dependencies\external\glm\detail\qualifier.hpp">
      <Filter>헤더 파일</Filter>
    </ClInclude>
    <ClInclude Include="Dependencies\external\glm\detail\setup.hpp">
      <Filter>헤더 파일</Filter>
    </ClInclude>
    <ClInclude Include="Dependencies\external\glm\detail\type_float.hpp">
      <Filter>헤더 파일</Filter>
    </ClInclude>
    <ClInclude Include="Dependencies\external\glm\detail\type_half.hpp">
      <Filter>헤더 파일</Filter>
    </ClInclude>
    <ClInclude Include="Dependencies\external\glm\detail\type_mat2x2.hpp">
      <Filter>헤더 파일</Filter>
    </ClInclude>
    <ClInclude Include="Dependencies\external\glm\detail\type_mat2x3.hpp">
      <Filter>헤더 파일</Filter>
    </ClInclude>
    <ClInclude Include="Dependencies\external\glm\detail\type_mat2x4.hpp">
      <Filter>헤더 파일</Filter>
    </ClInclude>
    <ClInclude Include="Dependencies\external\glm\detail\type_mat3x2.hpp">
      <Filter>헤더 파일</Filter>
    </ClInclude>
    <ClInclude Include="Dependencies\external\glm\detail\type_mat3x3.hpp">
      <Filter>헤더 파일</Filter>
    </ClInclude>
    <ClInclude Include="Dependencies\external\glm\detail\type_mat3x4.hpp">
      <Filter>헤더 파일</Filter>
    </ClInclude>
    <ClInclude Include="Dependencies\external\glm\detail\type_mat4x2.hpp">
      <Filter>헤더 파일</Filter>
    </ClInclude>
    <ClInclude Include="Dependencies\external\glm\detail\type_mat4x3.hpp">
      <Filter>헤더 파일</Filter>
    </ClInclude>
    <ClInclude Include="Dependencies\external\glm\detail\type_mat4x4.hpp">
      <Filter>헤더 파일</Filter>
    </ClInclude>
    <ClInclude Include="Dependencies\external\glm\detail\type_quat.hpp">
      <Filter>헤더 파일</Filter>
    </ClInclude>
    <ClInclude Include="Dependencies\external\glm\detail\type_vec1.hpp">
      <Filter>헤더 파일</Filter>
    </ClInclude>
    <ClInclude Include="Dependencies\external\glm\detail\type_vec2.hpp">
      <Filter>헤더 파일</Filter>
    </ClInclude>
    <ClInclude Include="Dependencies\external\glm\detail\type_vec3.hpp">
      <Filter>헤더 파일</Filter>
    </ClInclude>
    <ClInclude Include="Dependencies\external\glm\detail\type_vec4.hpp">
      <Filter>헤더 파일</Filter>
    </ClInclude>
    <ClInclude Include="Dependencies\external\glm\ext\matrix_clip_space.hpp">
      <Filter>헤더 파일</Filter>
    </ClInclude>
    <ClInclude Include="Dependencies\external\glm\ext\matrix_double2x2.hpp">
      <Filter>헤더 파일</Filter>
    </ClInclude>
    <ClInclude Include="Dependencies\external\glm\ext\matrix_double2x2_precision.hpp">
      <Filter>헤더 파일</Filter>
    </ClInclude>
    <ClInclude Include="Dependencies\external\glm\ext\matrix_double2x3.hpp">
      <Filter>헤더 파일</Filter>
    </ClInclude>
    <ClInclude Include="Dependencies\external\glm\ext\matrix_double2x3_precision.hpp">
      <Filter>헤더 파일</Filter>
    </ClInclude>
    <ClInclude Include="Dependencies\external\glm\ext\matrix_double2x4.hpp">
      <Filter>헤더 파일</Filter>
    </ClInclude>
    <ClInclude Include="Dependencies\external\glm\ext\matrix_double2x4_precision.hpp">
      <Filter>헤더 파일</Filter>
    </ClInclude>
    <ClInclude Include="Dependencies\external\glm\ext\matrix_double3x2.hpp">
      <Filter>헤더 파일</Filter>
    </ClInclude>
    <ClInclude Include="Dependencies\external\glm\ext\matrix_double3x2_precision.hpp">
      <Filter>헤더 파일</Filter>
    </ClInclude>
    <ClInclude Include="Dependencies\external\glm\ext\matrix_double3x3.hpp">
      <Filter>헤더 파일</Filter>
    </ClInclude>
    <ClInclude Include="Dependencies\external\glm\ext\matrix_double3x3_precision.hpp">
      <Filter>헤더 파일</Filter>
    </ClInclude>
    <ClInclude Include="Dependencies\external\glm\ext\matrix_double3x4.hpp">
      <Filter>헤더 파일</Filter>
    </ClInclude>
    <ClInclude Include="Dependencies\external\glm\ext\matrix_double3x4_precision.hpp">
      <Filter>헤더 파일</Filter>
    </ClInclude>
    <ClInclude Include="Dependencies\external\glm\ext\matrix_double4x2.hpp">
      <Filter>헤더 파일</Filter>
    </ClInclude>
    <ClInclude Include="Dependencies\external\glm\ext\matrix_double4x2_precision.hpp">
      <Filter>헤더 파일</Filter>
    </ClInclude>
    <ClInclude Include="Dependencies\external\glm\ext\matrix_double4x3.hpp">
      <Filter>헤더 파일</Filter>
    </ClInclude>
    <ClInclude Include="Dependencies\external\glm\ext\matrix_double4x3_precision.hpp">
      <Filter>헤더 파일</Filter>
    </ClInclude>
    <ClInclude Include="Dependencies\external\glm\ext\matrix_double4x4.hpp">
      <Filter>헤더 파일</Filter>
    </ClInclude>
    <ClInclude Include="Dependencies\external\glm\ext\matrix_double4x4_precision.hpp">
      <Filter>헤더 파일</Filter>
    </ClInclude>
    <ClInclude Include="Dependencies\external\glm\ext\matrix_float2x2.hpp">
      <Filter>헤더 파일</Filter>
    </ClInclude>
    <ClInclude Include="Dependencies\external\glm\ext\matrix_float2x2_precision.hpp">
      <Filter>헤더 파일</Filter>
    </ClInclude>
    <ClInclude Include="Dependencies\external\glm\ext\matrix_float2x3.hpp">
      <Filter>헤더 파일</Filter>
    </ClInclude>
    <ClInclude Include="Dependencies\external\glm\ext\matrix_float2x3_precision.hpp">
      <Filter>헤더 파일</Filter>
    </ClInclude>
    <ClInclude Include="Dependencies\external\glm\ext\matrix_float2x4.hpp">
      <Filter>헤더 파일</Filter>
    </ClInclude>
    <ClInclude Include="Dependencies\external\glm\ext\matrix_float2x4_precision.hpp">
      <Filter>헤더 파일</Filter>
    </ClInclude>
    <ClInclude Include="Dependencies\external\glm\ext\matrix_float3x2.hpp">
      <Filter>헤더 파일</Filter>
    </ClInclude>
    <ClInclude Include="Dependencies\external\glm\ext\matrix_float3x2_precision.hpp">
      <Filter>헤더 파일</Filter>
    </ClInclude>
    <ClInclude Include="Dependencies\external\glm\ext\matrix_float3x3.hpp">
      <Filter>헤더 파일</Filter>
    </ClInclude>
    <ClInclude Include="Dependencies\external\glm\ext\matrix_float3x3_precision.hpp">
      <Filter>헤더 파일</Filter>
    </ClInclude>
    <ClInclude Include="Dependencies\external\glm\ext\matrix_float3x4.hpp">
      <Filter>헤더 파일</Filter>
    </ClInclude>
    <ClInclude Include="Dependencies\external\glm\ext\matrix_float3x4_precision.hpp">
      <Filter>헤더 파일</Filter>
    </ClInclude>
    <ClInclude Include="Dependencies\external\glm\ext\matrix_float4x2.hpp">
      <Filter>헤더 파일</Filter>
    </ClInclude>
    <ClInclude Include="Dependencies\external\glm\ext\matrix_float4x2_precision.hpp">
      <Filter>헤더 파일</Filter>
    </ClInclude>
    <ClInclude Include="Dependencies\external\glm\ext\matrix_float4x3.hpp">
      <Filter>헤더 파일</Filter>
    </ClInclude>
    <ClInclude Include="Dependencies\external\glm\ext\matrix_float4x3_precision.hpp">
      <Filter>헤더 파일</Filter>
    </ClInclude>
    <ClInclude Include="Dependencies\external\glm\ext\matrix_float4x4.hpp">
      <Filter>헤더 파일</Filter>
    </ClInclude>
    <ClInclude Include="Dependencies\external\glm\ext\matrix_float4x4_precision.hpp">
      <Filter>헤더 파일</Filter>
    </ClInclude>
    <ClInclude Include="Dependencies\external\glm\ext\matrix_projection.hpp">
      <Filter>헤더 파일</Filter>
    </ClInclude>
    <ClInclude Include="Dependencies\external\glm\ext\matrix_transform.hpp">
      <Filter>헤더 파일</Filter>
    </ClInclude>
    <ClInclude Include="Dependencies\external\glm\ext\quaternion_common.hpp">
      <Filter>헤더 파일</Filter>
    </ClInclude>
    <ClInclude Include="Dependencies\external\glm\ext\quaternion_double.hpp">
      <Filter>헤더 파일</Filter>
    </ClInclude>
    <ClInclude Include="Dependencies\external\glm\ext\quaternion_double_precision.hpp">
      <Filter>헤더 파일</Filter>
    </ClInclude>
    <ClInclude Include="Dependencies\external\glm\ext\quaternion_float.hpp">
      <Filter>헤더 파일</Filter>
    </ClInclude>
    <ClInclude Include="Dependencies\external\glm\ext\quaternion_float_precision.hpp">
      <Filter>헤더 파일</Filter>
    </ClInclude>
    <ClInclude Include="Dependencies\external\glm\ext\quaternion_geometric.hpp">
      <Filter>헤더 파일</Filter>
    </ClInclude>
    <ClInclude Include="Dependencies\external\glm\ext\quaternion_relational.hpp">
      <Filter>헤더 파일</Filter>
    </ClInclude>
    <ClInclude Include="Dependencies\external\glm\ext\quaternion_transform.hpp">
      <Filter>헤더 파일</Filter>
    </ClInclude>
    <ClInclude Include="Dependencies\external\glm\ext\quaternion_trigonometric.hpp">
      <Filter>헤더 파일</Filter>
    </ClInclude>
    <ClInclude Include="Dependencies\external\glm\ext\scalar_constants.hpp">
      <Filter>헤더 파일</Filter>
    </ClInclude>
    <ClInclude Include="Dependencies\external\glm\ext\scalar_int_sized.hpp">
      <Filter>헤더 파일</Filter>
    </ClInclude>
    <ClInclude Include="Dependencies\external\glm\ext\scalar_uint_sized.hpp">
      <Filter>헤더 파일</Filter>
    </ClInclude>
    <ClInclude Include="Dependencies\external\glm\ext\vector_bool1.hpp">
      <Filter>헤더 파일</Filter>
    </ClInclude>
    <ClInclude Include="Dependencies\external\glm\ext\vector_bool1_precision.hpp">
      <Filter>헤더 파일</Filter>
    </ClInclude>
    <ClInclude Include="Dependencies\external\glm\ext\vector_bool2.hpp">
      <Filter>헤더 파일</Filter>
    </ClInclude>
    <ClInclude Include="Dependencies\external\glm\ext\vector_bool2_precision.hpp">
      <Filter>헤더 파일</Filter>
    </ClInclude>
    <ClInclude Include="Dependencies\external\glm\ext\vector_bool3.hpp">
      <Filter>헤더 파일</Filter>
    </ClInclude>
    <ClInclude Include="Dependencies\external\glm\ext\vector_bool3_precision.hpp">
      <Filter>헤더 파일</Filter>
    </ClInclude>
    <ClInclude Include="Dependencies\external\glm\ext\vector_bool4.hpp">
      <Filter>헤더 파일</Filter>
    </ClInclude>
    <ClInclude Include="Dependencies\external\glm\ext\vector_bool4_precision.hpp">
      <Filter>헤더 파일</Filter>
    </ClInclude>
    <ClInclude Include="Dependencies\external\glm\ext\vector_double1.hpp">
      <Filter>헤더 파일</Filter>
    </ClInclude>
    <ClInclude Include="Dependencies\external\glm\ext\vector_double1_precision.hpp">
      <Filter>헤더 파일</Filter>
    </ClInclude>
    <ClInclude Include="Dependencies\external\glm\ext\vector_double2.hpp">
      <Filter>헤더 파일</Filter>
    </ClInclude>
    <ClInclude Include="Dependencies\external\glm\ext\vector_double2_precision.hpp">
      <Filter>헤더 파일</Filter>
    </ClInclude>
    <ClInclude Include="Dependencies\external\glm\ext\vector_double3.hpp">
      <Filter>헤더 파일</Filter>
    </ClInclude>
    <ClInclude Include="Dependencies\external\glm\ext\vector_double3_precision.hpp">
      <Filter>헤더 파일</Filter>
    </ClInclude>
    <ClInclude Include="Dependencies\external\glm\ext\vector_double4.hpp">
      <Filter>헤더 파일</Filter>
    </ClInclude>
    <ClInclude Include="Dependencies\external\glm\ext\vector_double4_precision.hpp">
      <Filter>헤더 파일</Filter>
    </ClInclude>
    <ClInclude Include="Dependencies\external\glm\ext\vector_float1.hpp">
      <Filter>헤더 파일</Filter>
    </ClInclude>
    <ClInclude Include="Dependencies\external\glm\ext\vector_float1_precision.hpp">
      <Filter>헤더 파일</Filter>
    </ClInclude>
    <ClInclude Include="Dependencies\external\glm\ext\vector_float2.hpp">
      <Filter>헤더 파일</Filter>
    </ClInclude>
    <ClInclude Include="Dependencies\external\glm\ext\vector_float2_precision.hpp">
      <Filter>헤더 파일</Filter>
    </ClInclude>
    <ClInclude Include="Dependencies\external\glm\ext\vector_float3.hpp">
      <Filter>헤더 파일</Filter>
    </ClInclude>
    <ClInclude Include="Dependencies\external\glm\ext\vector_float3_precision.hpp">
      <Filter>헤더 파일</Filter>
    </ClInclude>
    <ClInclude Include="Dependencies\external\glm\ext\vector_float4.hpp">
      <Filter>헤더 파일</Filter>
    </ClInclude>
    <ClInclude Include="Dependencies\external\glm\ext\vector_float4_precision.hpp">
      <Filter>헤더 파일</Filter>
    </ClInclude>
    <ClInclude Include="Dependencies\external\glm\ext\vector_int1.hpp">
      <Filter>헤더 파일</Filter>
    </ClInclude>
    <ClInclude Include="Dependencies\external\glm\ext\vector_int1_sized.hpp">
      <Filter>헤더 파일</Filter>
    </ClInclude>
    <ClInclude Include="Dependencies\external\glm\ext\vector_int2.hpp">
      <Filter>헤더 파일</Filter>
    </ClInclude>
    <ClInclude Include="Dependencies\external\glm\ext\vector_int2_sized.hpp">
      <Filter>헤더 파일</Filter>
    </ClInclude>
    <ClInclude Include="Dependencies\external\glm\ext\vector_int3.hpp">
      <Filter>헤더 파일</Filter>
    </ClInclude>
    <ClInclude Include="Dependencies\external\glm\ext\vector_int3_sized.hpp">
      <Filter>헤더 파일</Filter>
    </ClInclude>
    <ClInclude Include="Dependencies\external\glm\ext\vector_int4.hpp">
      <Filter>헤더 파일</Filter>
    </ClInclude>
    <ClInclude Include="Dependencies\external\glm\ext\vector_int4_sized.hpp">
      <Filter>헤더 파일</Filter>
    </ClInclude>
    <ClInclude Include="Dependencies\external\glm\ext\vector_relational.hpp">
      <Filter>헤더 파일</Filter>
    </ClInclude>
    <ClInclude Include="Dependencies\external\glm\ext\vector_uint1.hpp">
      <Filter>헤더 파일</Filter>
    </ClInclude>
    <ClInclude Include="Dependencies\external\glm\ext\vector_uint1_sized.hpp">
      <Filter>헤더 파일</Filter>
    </ClInclude>
    <ClInclude Include="Dependencies\external\glm\ext\vector_uint2.hpp">
      <Filter>헤더 파일</Filter>
    </ClInclude>
    <ClInclude Include="Dependencies\external\glm\ext\vector_uint2_sized.hpp">
      <Filter>헤더 파일</Filter>
    </ClInclude>
    <ClInclude Include="Dependencies\external\glm\ext\vector_uint3.hpp">
      <Filter>헤더 파일</Filter>
    </ClInclude>
    <ClInclude Include="Dependencies\external\glm\ext\vector_uint3_sized.hpp">
      <Filter>헤더 파일</Filter>
    </ClInclude>
    <ClInclude Include="Dependencies\external\glm\ext\vector_uint4.hpp">
      <Filter>헤더 파일</Filter>
    </ClInclude>
    <ClInclude Include="Dependencies\external\glm\ext\vector_uint4_sized.hpp">
      <Filter>헤더 파일</Filter>
    </ClInclude>
    <ClInclude Include="Dependencies\external\glm\gtc\constants.hpp">
      <Filter>헤더 파일</Filter>
    </ClInclude>
    <ClInclude Include="Dependencies\external\glm\gtc\epsilon.hpp">
      <Filter>헤더 파일</Filter>
    </ClInclude>
    <ClInclude Include="Dependencies\external\glm\gtc\matrix_transform.hpp">
      <Filter>헤더 파일</Filter>
    </ClInclude>
    <ClInclude Include="Dependencies\external\glm\gtc\quaternion.hpp">
      <Filter>헤더 파일</Filter>
    </ClInclude>
    <ClInclude Include="Dependencies\external\glm\gtc\type_precision.hpp">
      <Filter>헤더 파일</Filter>
    </ClInclude>
    <ClInclude Include="Dependencies\external\glm\gtc\type_ptr.hpp">
      <Filter>헤더 파일</Filter>
    </ClInclude>
    <ClInclude Include="Dependencies\external\glm\gtc\vec1.hpp">
      <Filter>헤더 파일</Filter>
    </ClInclude>
    <ClInclude Include="Dependencies\external\glm\gtx\dual_quaternion.hpp">
      <Filter>헤더 파일</Filter>
    </ClInclude>
    <ClInclude Include="Dependencies\external\glm\gtx\string_cast.hpp">
      <Filter>헤더 파일</Filter>
    </ClInclude>
    <ClInclude Include="Dependencies\external\glm\simd\common.h">
      <Filter>헤더 파일</Filter>
    </ClInclude>
    <ClInclude Include="Dependencies\external\glm\simd\exponential.h">
      <Filter>헤더 파일</Filter>
    </ClInclude>
    <ClInclude Include="Dependencies\external\glm\simd\geometric.h">
      <Filter>헤더 파일</Filter>
    </ClInclude>
    <ClInclude Include="Dependencies\external\glm\simd\integer.h">
      <Filter>헤더 파일</Filter>
    </ClInclude>
    <ClInclude Include="Dependencies\external\glm\simd\matrix.h">
      <Filter>헤더 파일</Filter>
    </ClInclude>
    <ClInclude Include="Dependencies\external\glm\simd\neon.h">
      <Filter>헤더 파일</Filter>
    </ClInclude>
    <ClInclude Include="Dependencies\external\glm\simd\platform.h">
      <Filter>헤더 파일</Filter>
    </ClInclude>
    <ClInclude Include="Dependencies\external\glm\common.hpp">
      <Filter>헤더 파일</Filter>
    </ClInclude>
    <ClInclude Include="Dependencies\external\glm\exponential.hpp">
      <Filter>헤더 파일</Filter>
    </ClInclude>
    <ClInclude Include="Dependencies\external\glm\fwd.hpp">
      <Filter>헤더 파일</Filter>
    </ClInclude>
    <ClInclude Include="Dependencies\external\glm\geometric.hpp">
      <Filter>헤더 파일</Filter>
    </ClInclude>
    <ClInclude Include="Dependencies\external\glm\glm.hpp">
      <Filter>헤더 파일</Filter>
    </ClInclude>
    <ClInclude Include="Dependencies\external\glm\integer.hpp">
      <Filter>헤더 파일</Filter>
    </ClInclude>
    <ClInclude Include="Dependencies\external\glm\mat2x2.hpp">
      <Filter>헤더 파일</Filter>
    </ClInclude>
    <ClInclude Include="Dependencies\external\glm\mat2x3.hpp">
      <Filter>헤더 파일</Filter>
    </ClInclude>
    <ClInclude Include="Dependencies\external\glm\mat2x4.hpp">
      <Filter>헤더 파일</Filter>
    </ClInclude>
    <ClInclude Include="Dependencies\external\glm\mat3x2.hpp">
      <Filter>헤더 파일</Filter>
    </ClInclude>
    <ClInclude Include="Dependencies\external\glm\mat3x3.hpp">
      <Filter>헤더 파일</Filter>
    </ClInclude>
    <ClInclude Include="Dependencies\external\glm\mat3x4.hpp">
      <Filter>헤더 파일</Filter>
    </ClInclude>
    <ClInclude Include="Dependencies\external\glm\mat4x2.hpp">
      <Filter>헤더 파일</Filter>
    </ClInclude>
    <ClInclude Include="Dependencies\external\glm\mat4x3.hpp">
      <Filter>헤더 파일</Filter>
    </ClInclude>
    <ClInclude Include="Dependencies\external\glm\mat4x4.hpp">
      <Filter>헤더 파일</Filter>
    </ClInclude>
    <ClInclude Include="Dependencies\external\glm\matrix.hpp">
      <Filter>헤더 파일</Filter>
    </ClInclude>
    <ClInclude Include="Dependencies\external\glm\packing.hpp">
      <Filter>헤더 파일</Filter>
    </ClInclude>
    <ClInclude Include="Dependencies\external\glm\trigonometric.hpp">
      <Filter>헤더 파일</Filter>
    </ClInclude>
    <ClInclude Include="Dependencies\external\glm\vec2.hpp">
      <Filter>헤더 파일</Filter>
    </ClInclude>
    <ClInclude Include="Dependencies\external\glm\vec3.hpp">
      <Filter>헤더 파일</Filter>
    </ClInclude>
    <ClInclude Include="Dependencies\external\glm\vec4.hpp">
      <Filter>헤더 파일</Filter>
    </ClInclude>
    <ClInclude Include="Dependencies\external\glm\vector_relational.hpp">
      <Filter>헤더 파일</Filter>
    </ClInclude>
    <ClInclude Include="Dependencies\external\imgui\GraphEditor.h">
      <Filter>헤더 파일</Filter>
    </ClInclude>
    <ClInclude Include="Dependencies\external\imgui\imconfig.h">
      <Filter>헤더 파일</Filter>
    </ClInclude>
    <ClInclude Include="Dependencies\external\imgui\imgui.h">
      <Filter>헤더 파일</Filter>
    </ClInclude>
    <ClInclude Include="Dependencies\external\imgui\imgui_impl_glfw.h">
      <Filter>헤더 파일</Filter>
    </ClInclude>
    <ClInclude Include="Dependencies\external\imgui\imgui_impl_opengl3.h">
      <Filter>헤더 파일</Filter>
    </ClInclude>
    <ClInclude Include="Dependencies\external\imgui\imgui_impl_opengl3_loader.h">
      <Filter>헤더 파일</Filter>
    </ClInclude>
    <ClInclude Include="Dependencies\external\imgui\imgui_internal.h">
      <Filter>헤더 파일</Filter>
    </ClInclude>
    <ClInclude Include="Dependencies\external\imgui\imgui_offset_rect.h">
      <Filter>헤더 파일</Filter>
    </ClInclude>
    <ClInclude Include="Dependencies\external\imgui\imgui_toggle.h">
      <Filter>헤더 파일</Filter>
    </ClInclude>
    <ClInclude Include="Dependencies\external\imgui\imgui_toggle_math.h">
      <Filter>헤더 파일</Filter>
    </ClInclude>
    <ClInclude Include="Dependencies\external\imgui\imgui_toggle_palette.h">
      <Filter>헤더 파일</Filter>
    </ClInclude>
    <ClInclude Include="Dependencies\external\imgui\imgui_toggle_presets.h">
      <Filter>헤더 파일</Filter>
    </ClInclude>
    <ClInclude Include="Dependencies\external\imgui\imgui_toggle_renderer.h">
      <Filter>헤더 파일</Filter>
    </ClInclude>
    <ClInclude Include="Dependencies\external\imgui\imstb_rectpack.h">
      <Filter>헤더 파일</Filter>
    </ClInclude>
    <ClInclude Include="Dependencies\external\imgui\imstb_textedit.h">
      <Filter>헤더 파일</Filter>
    </ClInclude>
    <ClInclude Include="Dependencies\external\imgui\imstb_truetype.h">
      <Filter>헤더 파일</Filter>
    </ClInclude>
    <ClInclude Include="Dependencies\external\KHR\khrplatform.h">
      <Filter>헤더 파일</Filter>
    </ClInclude>
    <ClInclude Include="Dependencies\external\nlohmann\detail\conversions\from_json.hpp">
      <Filter>헤더 파일</Filter>
    </ClInclude>
    <ClInclude Include="Dependencies\external\nlohmann\detail\conversions\to_chars.hpp">
      <Filter>헤더 파일</Filter>
    </ClInclude>
    <ClInclude Include="Dependencies\external\nlohmann\detail\conversions\to_json.hpp">
      <Filter>헤더 파일</Filter>
    </ClInclude>
    <ClInclude Include="Dependencies\external\nlohmann\detail\input\binary_reader.hpp">
      <Filter>헤더 파일</Filter>
    </ClInclude>
    <ClInclude Include="Dependencies\external\nlohmann\detail\input\input_adapters.hpp">
      <Filter>헤더 파일</Filter>
    </ClInclude>
    <ClInclude Include="Dependencies\external\nlohmann\detail\input\json_sax.hpp">
      <Filter>헤더 파일</Filter>
    </ClInclude>
    <ClInclude Include="Dependencies\external\nlohmann\detail\input\lexer.hpp">
      <Filter>헤더 파일</Filter>
    </ClInclude>
    <ClInclude Include="Dependencies\external\nlohmann\detail\input\parser.hpp">
      <Filter>헤더 파일</Filter>
    </ClInclude>
    <ClInclude Include="Dependencies\external\nlohmann\detail\input\position_t.hpp">
      <Filter>헤더 파일</Filter>
    </ClInclude>
    <ClInclude Include="Dependencies\external\nlohmann\detail\iterators\internal_iterator.hpp">
      <Filter>헤더 파일</Filter>
    </ClInclude>
    <ClInclude Include="Dependencies\external\nlohmann\detail\iterators\iter_impl.hpp">
      <Filter>헤더 파일</Filter>
    </ClInclude>
    <ClInclude Include="Dependencies\external\nlohmann\detail\iterators\iteration_proxy.hpp">
      <Filter>헤더 파일</Filter>
    </ClInclude>
    <ClInclude Include="Dependencies\external\nlohmann\detail\iterators\iterator_traits.hpp">
      <Filter>헤더 파일</Filter>
    </ClInclude>
    <ClInclude Include="Dependencies\external\nlohmann\detail\iterators\json_reverse_iterator.hpp">
      <Filter>헤더 파일</Filter>
    </ClInclude>
    <ClInclude Include="Dependencies\external\nlohmann\detail\iterators\primitive_iterator.hpp">
      <Filter>헤더 파일</Filter>
    </ClInclude>
    <ClInclude Include="Dependencies\external\nlohmann\detail\meta\call_std\begin.hpp">
      <Filter>헤더 파일</Filter>
    </ClInclude>
    <ClInclude Include="Dependencies\external\nlohmann\detail\meta\call_std\end.hpp">
      <Filter>헤더 파일</Filter>
    </ClInclude>
    <ClInclude Include="Dependencies\external\nlohmann\detail\meta\cpp_future.hpp">
      <Filter>헤더 파일</Filter>
    </ClInclude>
    <ClInclude Include="Dependencies\external\nlohmann\detail\meta\detected.hpp">
      <Filter>헤더 파일</Filter>
    </ClInclude>
    <ClInclude Include="Dependencies\external\nlohmann\detail\meta\identity_tag.hpp">
      <Filter>헤더 파일</Filter>
    </ClInclude>
    <ClInclude Include="Dependencies\external\nlohmann\detail\meta\is_sax.hpp">
      <Filter>헤더 파일</Filter>
    </ClInclude>
    <ClInclude Include="Dependencies\external\nlohmann\detail\meta\std_fs.hpp">
      <Filter>헤더 파일</Filter>
    </ClInclude>
    <ClInclude Include="Dependencies\external\nlohmann\detail\meta\type_traits.hpp">
      <Filter>헤더 파일</Filter>
    </ClInclude>
    <ClInclude Include="Dependencies\external\nlohmann\detail\meta\void_t.hpp">
      <Filter>헤더 파일</Filter>
    </ClInclude>
    <ClInclude Include="Dependencies\external\nlohmann\detail\output\binary_writer.hpp">
      <Filter>헤더 파일</Filter>
    </ClInclude>
    <ClInclude Include="Dependencies\external\nlohmann\detail\output\output_adapters.hpp">
      <Filter>헤더 파일</Filter>
    </ClInclude>
    <ClInclude Include="Dependencies\external\nlohmann\detail\output\serializer.hpp">
      <Filter>헤더 파일</Filter>
    </ClInclude>
    <ClInclude Include="Dependencies\external\nlohmann\detail\abi_macros.hpp">
      <Filter>헤더 파일</Filter>
    </ClInclude>
    <ClInclude Include="Dependencies\external\nlohmann\detail\exceptions.hpp">
      <Filter>헤더 파일</Filter>
    </ClInclude>
    <ClInclude Include="Dependencies\external\nlohmann\detail\hash.hpp">
      <Filter>헤더 파일</Filter>
    </ClInclude>
    <ClInclude Include="Dependencies\external\nlohmann\detail\json_custom_base_class.hpp">
      <Filter>헤더 파일</Filter>
    </ClInclude>
    <ClInclude Include="Dependencies\external\nlohmann\detail\json_pointer.hpp">
      <Filter>헤더 파일</Filter>
    </ClInclude>
    <ClInclude Include="Dependencies\external\nlohmann\detail\json_ref.hpp">
      <Filter>헤더 파일</Filter>
    </ClInclude>
    <ClInclude Include="Dependencies\external\nlohmann\detail\macro_scope.hpp">
      <Filter>헤더 파일</Filter>
    </ClInclude>
    <ClInclude Include="Dependencies\external\nlohmann\detail\macro_unscope.hpp">
      <Filter>헤더 파일</Filter>
    </ClInclude>
    <ClInclude Include="Dependencies\external\nlohmann\detail\string_concat.hpp">
      <Filter>헤더 파일</Filter>
    </ClInclude>
    <ClInclude Include="Dependencies\external\nlohmann\detail\string_escape.hpp">
      <Filter>헤더 파일</Filter>
    </ClInclude>
    <ClInclude Include="Dependencies\external\nlohmann\detail\string_utils.hpp">
      <Filter>헤더 파일</Filter>
    </ClInclude>
    <ClInclude Include="Dependencies\external\nlohmann\detail\value_t.hpp">
      <Filter>헤더 파일</Filter>
    </ClInclude>
    <ClInclude Include="Dependencies\external\nlohmann\thirdparty\hedley\hedley.hpp">
      <Filter>헤더 파일</Filter>
    </ClInclude>
    <ClInclude Include="Dependencies\external\nlohmann\thirdparty\hedley\hedley_undef.hpp">
      <Filter>헤더 파일</Filter>
    </ClInclude>
    <ClInclude Include="Dependencies\external\nlohmann\adl_serializer.hpp">
      <Filter>헤더 파일</Filter>
    </ClInclude>
    <ClInclude Include="Dependencies\external\nlohmann\byte_container_with_subtype.hpp">
      <Filter>헤더 파일</Filter>
    </ClInclude>
    <ClInclude Include="Dependencies\external\nlohmann\json.hpp">
      <Filter>헤더 파일</Filter>
    </ClInclude>
    <ClInclude Include="Dependencies\external\nlohmann\json_fwd.hpp">
      <Filter>헤더 파일</Filter>
    </ClInclude>
    <ClInclude Include="Dependencies\external\nlohmann\ordered_map.hpp">
      <Filter>헤더 파일</Filter>
    </ClInclude>
    <ClInclude Include="Dependencies\include\imgui_func.h">
      <Filter>헤더 파일</Filter>
    </ClInclude>
  </ItemGroup>
  <ItemGroup>
    <None Include="shader\instancing.fs" />
    <None Include="shader\instancing.vs" />
    <None Include="shader\instancing_texture.fs" />
    <None Include="shader\instancing_texture.vs" />
    <None Include="shader\light.fs" />
    <None Include="shader\light.vs" />
    <None Include="shader\shapematchingshader.fs" />
    <None Include="shader\shapematchingshader.vs" />
    <None Include="shader\skin_animation.fs" />
    <None Include="shader\skin_animation.vs" />
    <None Include="shader\texture.fs" />
    <None Include="shader\texture.vs" />
    <None Include="shader\transparent.fs" />
    <None Include="shader\UIshader.fs" />
    <None Include="shader\UIshader.vs" />
    <None Include="shader\UIshader_blue.fs" />
    <None Include="shader\UIshader_blue.vs" />
    <None Include="Dependencies\external\assimp\color4.inl">
      <Filter>헤더 파일</Filter>
    </None>
    <None Include="Dependencies\external\assimp\material.inl">
      <Filter>헤더 파일</Filter>
    </None>
    <None Include="Dependencies\external\assimp\matrix3x3.inl">
      <Filter>헤더 파일</Filter>
    </None>
    <None Include="Dependencies\external\assimp\matrix4x4.inl">
      <Filter>헤더 파일</Filter>
    </None>
    <None Include="Dependencies\external\assimp\quaternion.inl">
      <Filter>헤더 파일</Filter>
    </None>
    <None Include="Dependencies\external\assimp\vector2.inl">
      <Filter>헤더 파일</Filter>
    </None>
    <None Include="Dependencies\external\assimp\vector3.inl">
      <Filter>헤더 파일</Filter>
    </None>
    <None Include="Dependencies\external\glm\detail\func_common.inl">
      <Filter>헤더 파일</Filter>
    </None>
    <None Include="Dependencies\external\glm\detail\func_common_simd.inl">
      <Filter>헤더 파일</Filter>
    </None>
    <None Include="Dependencies\external\glm\detail\func_exponential.inl">
      <Filter>헤더 파일</Filter>
    </None>
    <None Include="Dependencies\external\glm\detail\func_exponential_simd.inl">
      <Filter>헤더 파일</Filter>
    </None>
    <None Include="Dependencies\external\glm\detail\func_geometric.inl">
      <Filter>헤더 파일</Filter>
    </None>
    <None Include="Dependencies\external\glm\detail\func_geometric_simd.inl">
      <Filter>헤더 파일</Filter>
    </None>
    <None Include="Dependencies\external\glm\detail\func_integer.inl">
      <Filter>헤더 파일</Filter>
    </None>
    <None Include="Dependencies\external\glm\detail\func_integer_simd.inl">
      <Filter>헤더 파일</Filter>
    </None>
    <None Include="Dependencies\external\glm\detail\func_matrix.inl">
      <Filter>헤더 파일</Filter>
    </None>
    <None Include="Dependencies\external\glm\detail\func_matrix_simd.inl">
      <Filter>헤더 파일</Filter>
    </None>
    <None Include="Dependencies\external\glm\detail\func_packing.inl">
      <Filter>헤더 파일</Filter>
    </None>
    <None Include="Dependencies\external\glm\detail\func_packing_simd.inl">
      <Filter>헤더 파일</Filter>
    </None>
    <None Include="Dependencies\external\glm\detail\func_trigonometric.inl">
      <Filter>헤더 파일</Filter>
    </None>
    <None Include="Dependencies\external\glm\detail\func_trigonometric_simd.inl">
      <Filter>헤더 파일</Filter>
    </None>
    <None Include="Dependencies\external\glm\detail\func_vector_relational.inl">
      <Filter>헤더 파일</Filter>
    </None>
    <None Include="Dependencies\external\glm\detail\func_vector_relational_simd.inl">
      <Filter>헤더 파일</Filter>
    </None>
    <None Include="Dependencies\external\glm\detail\type_half.inl">
      <Filter>헤더 파일</Filter>
    </None>
    <None Include="Dependencies\external\glm\detail\type_mat2x2.inl">
      <Filter>헤더 파일</Filter>
    </None>
    <None Include="Dependencies\external\glm\detail\type_mat2x3.inl">
      <Filter>헤더 파일</Filter>
    </None>
    <None Include="Dependencies\external\glm\detail\type_mat2x4.inl">
      <Filter>헤더 파일</Filter>
    </None>
    <None Include="Dependencies\external\glm\detail\type_mat3x2.inl">
      <Filter>헤더 파일</Filter>
    </None>
    <None Include="Dependencies\external\glm\detail\type_mat3x3.inl">
      <Filter>헤더 파일</Filter>
    </None>
    <None Include="Dependencies\external\glm\detail\type_mat3x4.inl">
      <Filter>헤더 파일</Filter>
    </None>
    <None Include="Dependencies\external\glm\detail\type_mat4x2.inl">
      <Filter>헤더 파일</Filter>
    </None>
    <None Include="Dependencies\external\glm\detail\type_mat4x3.inl">
      <Filter>헤더 파일</Filter>
    </None>
    <None Include="Dependencies\external\glm\detail\type_mat4x4.inl">
      <Filter>헤더 파일</Filter>
    </None>
    <None Include="Dependencies\external\glm\detail\type_mat4x4_simd.inl">
      <Filter>헤더 파일</Filter>
    </None>
    <None Include="Dependencies\external\glm\detail\type_quat.inl">
      <Filter>헤더 파일</Filter>
    </None>
    <None Include="Dependencies\external\glm\detail\type_quat_simd.inl">
      <Filter>헤더 파일</Filter>
    </None>
    <None Include="Dependencies\external\glm\detail\type_vec1.inl">
      <Filter>헤더 파일</Filter>
    </None>
    <None Include="Dependencies\external\glm\detail\type_vec2.inl">
      <Filter>헤더 파일</Filter>
    </None>
    <None Include="Dependencies\external\glm\detail\type_vec3.inl">
      <Filter>헤더 파일</Filter>
    </None>
    <None Include="Dependencies\external\glm\detail\type_vec4.inl">
      <Filter>헤더 파일</Filter>
    </None>
    <None Include="Dependencies\external\glm\detail\type_vec4_simd.inl">
      <Filter>헤더 파일</Filter>
    </None>
    <None Include="Dependencies\external\glm\ext\matrix_clip_space.inl">
      <Filter>헤더 파일</Filter>
    </None>
    <None Include="Dependencies\external\glm\ext\matrix_projection.inl">
      <Filter>헤더 파일</Filter>
    </None>
    <None Include="Dependencies\external\glm\ext\matrix_transform.inl">
      <Filter>헤더 파일</Filter>
    </None>
    <None Include="Dependencies\external\glm\ext\quaternion_common.inl">
      <Filter>헤더 파일</Filter>
    </None>
    <None Include="Dependencies\external\glm\ext\quaternion_common_simd.inl">
      <Filter>헤더 파일</Filter>
    </None>
    <None Include="Dependencies\external\glm\ext\quaternion_geometric.inl">
      <Filter>헤더 파일</Filter>
    </None>
    <None Include="Dependencies\external\glm\ext\quaternion_relational.inl">
      <Filter>헤더 파일</Filter>
    </None>
    <None Include="Dependencies\external\glm\ext\quaternion_transform.inl">
      <Filter>헤더 파일</Filter>
    </None>
    <None Include="Dependencies\external\glm\ext\quaternion_trigonometric.inl">
      <Filter>헤더 파일</Filter>
    </None>
    <None Include="Dependencies\external\glm\ext\scalar_constants.inl">
      <Filter>헤더 파일</Filter>
    </None>
    <None Include="Dependencies\external\glm\ext\scalar_packing.inl">
      <Filter>헤더 파일</Filter>
    </None>
    <None Include="Dependencies\external\glm\ext\vector_packing.inl">
      <Filter>헤더 파일</Filter>
    </None>
    <None Include="Dependencies\external\glm\ext\vector_relational.inl">
      <Filter>헤더 파일</Filter>
    </None>
    <None Include="Dependencies\external\glm\gtc\constants.inl">
      <Filter>헤더 파일</Filter>
    </None>
    <None Include="Dependencies\external\glm\gtc\epsilon.inl">
      <Filter>헤더 파일</Filter>
    </None>
    <None Include="Dependencies\external\glm\gtc\matrix_transform.inl">
      <Filter>헤더 파일</Filter>
    </None>
    <None Include="Dependencies\external\glm\gtc\quaternion.inl">
      <Filter>헤더 파일</Filter>
    </None>
    <None Include="Dependencies\external\glm\gtc\quaternion_simd.inl">
      <Filter>헤더 파일</Filter>
    </None>
    <None Include="Dependencies\external\glm\gtc\type_precision.inl">
      <Filter>헤더 파일</Filter>
    </None>
    <None Include="Dependencies\external\glm\gtc\type_ptr.inl">
      <Filter>헤더 파일</Filter>
    </None>
    <None Include="Dependencies\external\glm\gtx\dual_quaternion.inl">
      <Filter>헤더 파일</Filter>
    </None>
    <None Include="Dependencies\external\glm\gtx\string_cast.inl">
      <Filter>헤더 파일</Filter>
    </None>
    <None Include="Dependencies\external\Eigen\Cholesky" />
    <None Include="Dependencies\external\Eigen\Core" />
    <None Include="Dependencies\external\Eigen\Dense" />
    <None Include="Dependencies\external\Eigen\Eigenvalues" />
    <None Include="Dependencies\external\Eigen\Geometry" />
    <None Include="Dependencies\external\Eigen\Householder" />
    <None Include="Dependencies\external\Eigen\Jacobi" />
    <None Include="Dependencies\external\Eigen\LU" />
    <None Include="Dependencies\external\Eigen\QR" />
    <None Include="Dependencies\external\Eigen\SVD" />
  </ItemGroup>
</Project>